
Microsoft Visual Studio Solution File, Format Version 12.00
# Visual Studio Version 17
VisualStudioVersion = 17.4.33205.214
MinimumVisualStudioVersion = 10.0.40219.1
Project("{FAE04EC0-301F-11D3-BF4B-00C04F79EFBC}") = "CompulsoryAssignment", "CompulsoryAssignment\CompulsoryAssignment.csproj", "{587BA2F5-8FC7-456A-8853-2A90369FA7AF}"
EndProject
Project("{FAE04EC0-301F-11D3-BF4B-00C04F79EFBC}") = "DataAccess", "DataAccess\DataAccess.csproj", "{F7CDF33D-D674-4622-B5E0-5FFDD835FBF8}"
EndProject
Global
	GlobalSection(SolutionConfigurationPlatforms) = preSolution
		Debug|Any CPU = Debug|Any CPU
		Release|Any CPU = Release|Any CPU
	EndGlobalSection
	GlobalSection(ProjectConfigurationPlatforms) = postSolution
		{587BA2F5-8FC7-456A-8853-2A90369FA7AF}.Debug|Any CPU.ActiveCfg = Debug|Any CPU
		{587BA2F5-8FC7-456A-8853-2A90369FA7AF}.Debug|Any CPU.Build.0 = Debug|Any CPU
		{587BA2F5-8FC7-456A-8853-2A90369FA7AF}.Release|Any CPU.ActiveCfg = Release|Any CPU
		{587BA2F5-8FC7-456A-8853-2A90369FA7AF}.Release|Any CPU.Build.0 = Release|Any CPU
		{F7CDF33D-D674-4622-B5E0-5FFDD835FBF8}.Debug|Any CPU.ActiveCfg = Debug|Any CPU
		{F7CDF33D-D674-4622-B5E0-5FFDD835FBF8}.Debug|Any CPU.Build.0 = Debug|Any CPU
		{F7CDF33D-D674-4622-B5E0-5FFDD835FBF8}.Release|Any CPU.ActiveCfg = Release|Any CPU
		{F7CDF33D-D674-4622-B5E0-5FFDD835FBF8}.Release|Any CPU.Build.0 = Release|Any CPU
	EndGlobalSection
	GlobalSection(SolutionProperties) = preSolution
		HideSolutionNode = FALSE
	EndGlobalSection
	GlobalSection(ExtensibilityGlobals) = postSolution
		SolutionGuid = {FC0B1C79-108C-48AD-9492-BADDB1B2207F}
	EndGlobalSection
EndGlobal
